
Microsoft Visual Studio Solution File, Format Version 12.00
# Visual Studio Version 16
VisualStudioVersion = 16.0.32002.261
MinimumVisualStudioVersion = 10.0.40219.1
Project("{FAE04EC0-301F-11D3-BF4B-00C04F79EFBC}") = "ABC Car Traders", "ABC Car Traders\ABC Car Traders.csproj", "{D9DF2F2E-D1A4-4831-A6BF-482195B8EB79}"
EndProject
Global
	GlobalSection(SolutionConfigurationPlatforms) = preSolution
		Debug|Any CPU = Debug|Any CPU
		Release|Any CPU = Release|Any CPU
	EndGlobalSection
	GlobalSection(ProjectConfigurationPlatforms) = postSolution
		{D9DF2F2E-D1A4-4831-A6BF-482195B8EB79}.Debug|Any CPU.ActiveCfg = Debug|Any CPU
		{D9DF2F2E-D1A4-4831-A6BF-482195B8EB79}.Debug|Any CPU.Build.0 = Debug|Any CPU
		{D9DF2F2E-D1A4-4831-A6BF-482195B8EB79}.Release|Any CPU.ActiveCfg = Release|Any CPU
		{D9DF2F2E-D1A4-4831-A6BF-482195B8EB79}.Release|Any CPU.Build.0 = Release|Any CPU
	EndGlobalSection
	GlobalSection(SolutionProperties) = preSolution
		HideSolutionNode = FALSE
	EndGlobalSection
	GlobalSection(ExtensibilityGlobals) = postSolution
		SolutionGuid = {B2A2D625-504A-44C1-AD96-442537E02C39}
	EndGlobalSection
EndGlobal
